<?xml version="1.0" encoding="utf-8"?>
<Project ToolsVersion="4.0" xmlns="http://schemas.microsoft.com/developer/msbuild/2003">
  <ItemGroup>
    <Filter Include="main">
      <UniqueIdentifier>{f003fc11-4b76-4bfb-83cb-ace5881657de}</UniqueIdentifier>
    </Filter>
    <Filter Include="Magic">
      <UniqueIdentifier>{8542cf67-a9a2-40f1-91ea-7032bb5364d6}</UniqueIdentifier>
    </Filter>
    <Filter Include="Character">
      <UniqueIdentifier>{047ec9bd-aa17-467e-b15b-30ffcae941d3}</UniqueIdentifier>
    </Filter>
    <Filter Include="lib">
      <UniqueIdentifier>{06ab1572-df7f-43e6-8f98-184e7b7289a4}</UniqueIdentifier>
    </Filter>
    <Filter Include="FileWork">
      <UniqueIdentifier>{b7c725f9-efe2-47ba-956d-7630da9d4b7b}</UniqueIdentifier>
    </Filter>
    <Filter Include="Game">
      <UniqueIdentifier>{b32e7821-53a5-42ed-a30f-9fadfe9aa669}</UniqueIdentifier>
    </Filter>
    <Filter Include="Menu">
      <UniqueIdentifier>{6830c779-9fdf-46e0-ae12-83c1b4ccb056}</UniqueIdentifier>
    </Filter>
  </ItemGroup>
  <ItemGroup>
    <ClCompile Include="main.cpp">
      <Filter>main</Filter>
    </ClCompile>
  </ItemGroup>
  <ItemGroup>
    <ClInclude Include="Magic.h">
      <Filter>Magic</Filter>
    </ClInclude>
    <ClInclude Include="Character.h">
      <Filter>Character</Filter>
    </ClInclude>
    <ClInclude Include="lib.h">
      <Filter>lib</Filter>
    </ClInclude>
    <ClInclude Include="File.h">
      <Filter>FileWork</Filter>
    </ClInclude>
    <ClInclude Include="Game.h">
      <Filter>Game</Filter>
    </ClInclude>
    <ClInclude Include="Menu.h">
      <Filter>Menu</Filter>
    </ClInclude>
  </ItemGroup>
</Project>